<?xml version="1.0" encoding="utf-8"?>
<Project ToolsVersion="4.0" xmlns="http://schemas.microsoft.com/developer/msbuild/2003">
  <ItemGroup>
    <Filter Include="Source Files">
      <UniqueIdentifier>{eced4466-ce64-4cff-8b86-098a5165f725}</UniqueIdentifier>
    </Filter>
    <Filter Include="Source Files\COM Implementation">
      <UniqueIdentifier>{a9470226-d5a7-4bd4-939b-1ce72ed0da0a}</UniqueIdentifier>
    </Filter>
    <Filter Include="Source Files\COM Interfaces">
      <UniqueIdentifier>{f5bc9a48-924c-4e23-962c-8b3fe1d9a62c}</UniqueIdentifier>
    </Filter>
    <Filter Include="Source Files\COM Interfaces\COM Events">
      <UniqueIdentifier>{ad7ad0ab-951f-4788-9876-81be35329f4c}</UniqueIdentifier>
    </Filter>
    <Filter Include="Header Files">
      <UniqueIdentifier>{5454a3e2-3c5d-47cc-b224-611520272f28}</UniqueIdentifier>
    </Filter>
    <Filter Include="Resource Files">
      <UniqueIdentifier>{bd3d920c-e601-44d9-b830-c603babfa849}</UniqueIdentifier>
      <Extensions>ico;cur;bmp;dlg;rc2;rct;bin;rgs;gif;jpg;jpeg;jpe</Extensions>
    </Filter>
  </ItemGroup>
  <ItemGroup>
    <ClCompile Include="loaded.cpp">
      <Filter>Source Files</Filter>
    </ClCompile>
    <ClCompile Include="settingsHandler.cpp">
      <Filter>Source Files</Filter>
    </ClCompile>
    <ClCompile Include="signatureActivityMonitor.cpp">
      <Filter>Source Files</Filter>
    </ClCompile>
    <ClCompile Include="signatureData.cpp">
      <Filter>Source Files</Filter>
    </ClCompile>
    <ClCompile Include="SignaturePad.cpp">
      <Filter>Source Files</Filter>
    </ClCompile>
    <ClCompile Include="dllMain.cpp">
      <Filter>Source Files\COM Implementation</Filter>
    </ClCompile>
    <ClCompile Include="IPropertiesClient.cpp">
      <Filter>Source Files\COM Interfaces</Filter>
    </ClCompile>
    <ClCompile Include="IPropertyPageClient.cpp">
      <Filter>Source Files\COM Interfaces</Filter>
    </ClCompile>
    <ClCompile Include="ISignaturePad.cpp">
      <Filter>Source Files\COM Interfaces</Filter>
    </ClCompile>
    <ClCompile Include="IUnknown.cpp">
      <Filter>Source Files\COM Interfaces</Filter>
    </ClCompile>
    <ClCompile Include="IConnectionPoint.cpp">
      <Filter>Source Files\COM Interfaces\COM Events</Filter>
    </ClCompile>
    <ClCompile Include="IConnectionPointContainer.cpp">
      <Filter>Source Files\COM Interfaces\COM Events</Filter>
    </ClCompile>
    <ClCompile Include="IEnumConnectionPoints.cpp">
      <Filter>Source Files\COM Interfaces\COM Events</Filter>
    </ClCompile>
    <ClCompile Include="IEnumerateConnections.cpp">
      <Filter>Source Files\COM Interfaces\COM Events</Filter>
    </ClCompile>
  </ItemGroup>
  <ItemGroup>
    <Midl Include="$(GSYSTEM_HOME)\Common\source\SignaturePad.odl" />
  </ItemGroup>
  <ItemGroup>
    <ClInclude Include="resource.h">
      <Filter>Header Files</Filter>
    </ClInclude>
    <ClInclude Include="SignaturePad.h">
      <Filter>Header Files</Filter>
    </ClInclude>
    <ClInclude Include="$(GSYSTEM_HOME)\Common\include\signaturePadModelIds.h" />
  </ItemGroup>
  <ItemGroup>
    <ResourceCompile Include="SignaturePad.rc">
      <Filter>Resource Files</Filter>
    </ResourceCompile>
  </ItemGroup>
  <ItemGroup>
    <CustomBuild Include="SignaturePad.def">
      <Filter>Source Files</Filter>
    </CustomBuild>
  </ItemGroup>
</Project>