<?xml version="1.0" encoding="utf-8"?>
<Project ToolsVersion="4.0" xmlns="http://schemas.microsoft.com/developer/msbuild/2003">
  <ItemGroup>
    <Filter Include="Source Files">
      <UniqueIdentifier>{a526d6dd-bcd4-42f0-be6b-319141eac9a8}</UniqueIdentifier>
    </Filter>
    <Filter Include="Source Files\COM Implementation">
      <UniqueIdentifier>{d72b0c51-5d3e-4878-87a7-64e69f72e651}</UniqueIdentifier>
    </Filter>
    <Filter Include="Source Files\COM Interfaces">
      <UniqueIdentifier>{d80a759e-9624-48c3-b8d3-ae5d13acc2b8}</UniqueIdentifier>
    </Filter>
    <Filter Include="Source Files\COM Interfaces\COM Events">
      <UniqueIdentifier>{1d654da4-65e3-4226-a307-d6593aa189a2}</UniqueIdentifier>
    </Filter>
    <Filter Include="Header Files">
      <UniqueIdentifier>{4648255e-4de8-42bc-a71a-c2f30aaf2203}</UniqueIdentifier>
    </Filter>
    <Filter Include="Resource Files">
      <UniqueIdentifier>{81a1e340-cb0c-47ce-a7a1-251a645ffde3}</UniqueIdentifier>
      <Extensions>ico;cur;bmp;dlg;rc2;rct;bin;rgs;gif;jpg;jpeg;jpe</Extensions>
    </Filter>
    <Filter Include="Source Files\Wacom Sources">
      <UniqueIdentifier>{828f449f-e743-417a-a02c-1e466ed7a904}</UniqueIdentifier>
    </Filter>
  </ItemGroup>
  <ItemGroup>
    <ClCompile Include="Bitmaps.cpp">
      <Filter>Source Files</Filter>
    </ClCompile>
    <ClCompile Include="loaded.cpp">
      <Filter>Source Files</Filter>
    </ClCompile>
    <ClCompile Include="settingsHandler.cpp">
      <Filter>Source Files</Filter>
    </ClCompile>
    <ClCompile Include="signatureData.cpp">
      <Filter>Source Files</Filter>
    </ClCompile>
    <ClCompile Include="SignaturePad.cpp">
      <Filter>Source Files</Filter>
    </ClCompile>
    <ClCompile Include="dllMain.cpp">
      <Filter>Source Files\COM Implementation</Filter>
    </ClCompile>
    <ClCompile Include="IPropertiesClient.cpp">
      <Filter>Source Files\COM Interfaces</Filter>
    </ClCompile>
    <ClCompile Include="IPropertyPageClient.cpp">
      <Filter>Source Files\COM Interfaces</Filter>
    </ClCompile>
    <ClCompile Include="ISignaturePad.cpp">
      <Filter>Source Files\COM Interfaces</Filter>
    </ClCompile>
    <ClCompile Include="IUnknown.cpp">
      <Filter>Source Files\COM Interfaces</Filter>
    </ClCompile>
    <ClCompile Include="DSigPlusEvents.cpp">
      <Filter>Source Files\COM Interfaces\COM Events</Filter>
    </ClCompile>
    <ClCompile Include="IConnectionPoint.cpp">
      <Filter>Source Files\COM Interfaces\COM Events</Filter>
    </ClCompile>
    <ClCompile Include="IConnectionPointContainer.cpp">
      <Filter>Source Files\COM Interfaces\COM Events</Filter>
    </ClCompile>
    <ClCompile Include="IEnumConnectionPoints.cpp">
      <Filter>Source Files\COM Interfaces\COM Events</Filter>
    </ClCompile>
    <ClCompile Include="IEnumerateConnections.cpp">
      <Filter>Source Files\COM Interfaces\COM Events</Filter>
    </ClCompile>
  </ItemGroup>
  <ItemGroup>
    <ClInclude Include="resource.h">
      <Filter>Header Files</Filter>
    </ClInclude>
    <ClInclude Include="SignaturePad.h">
      <Filter>Header Files</Filter>
    </ClInclude>
  </ItemGroup>
  <ItemGroup>
    <ResourceCompile Include="SignaturePad.rc">
      <Filter>Resource Files</Filter>
    </ResourceCompile>
  </ItemGroup>
  <ItemGroup>
    <CustomBuild Include="SignaturePad.def">
      <Filter>Source Files</Filter>
    </CustomBuild>
  </ItemGroup>
</Project>